Microsoft Visual Studio Solution File, Format Version 11.00
# Visual Studio 2008

Project("{396F4D2E-44BC-5367-38AA-B1E61A6468A9}") = "GamesFleadh", "Assembly-CSharp.csproj", "{72182CD2-4C78-E3E0-7328-6916F7E63E8E}"
EndProject
Project("{396F4D2E-44BC-5367-38AA-B1E61A6468A9}") = "GamesFleadh", "Assembly-CSharp-Editor.csproj", "{42406B01-F33D-D060-7A6F-8FC05B6DA754}"
EndProject
Global
	GlobalSection(SolutionConfigurationPlatforms) = preSolution
		Debug|Any CPU = Debug|Any CPU
		Release|Any CPU = Release|Any CPU
	EndGlobalSection
	GlobalSection(ProjectConfigurationPlatforms) = postSolution
		{72182CD2-4C78-E3E0-7328-6916F7E63E8E}.Debug|Any CPU.ActiveCfg = Debug|Any CPU
		{72182CD2-4C78-E3E0-7328-6916F7E63E8E}.Debug|Any CPU.Build.0 = Debug|Any CPU
		{72182CD2-4C78-E3E0-7328-6916F7E63E8E}.Release|Any CPU.ActiveCfg = Release|Any CPU
		{72182CD2-4C78-E3E0-7328-6916F7E63E8E}.Release|Any CPU.Build.0 = Release|Any CPU
		{42406B01-F33D-D060-7A6F-8FC05B6DA754}.Debug|Any CPU.ActiveCfg = Debug|Any CPU
		{42406B01-F33D-D060-7A6F-8FC05B6DA754}.Debug|Any CPU.Build.0 = Debug|Any CPU
		{42406B01-F33D-D060-7A6F-8FC05B6DA754}.Release|Any CPU.ActiveCfg = Release|Any CPU
		{42406B01-F33D-D060-7A6F-8FC05B6DA754}.Release|Any CPU.Build.0 = Release|Any CPU
	EndGlobalSection
	GlobalSection(SolutionProperties) = preSolution
		HideSolutionNode = FALSE
	EndGlobalSection
																																																																																																																																																	GlobalSection(MonoDevelopProperties) = preSolution
=======
<<<<<<< HEAD
																																																																																																																																GlobalSection(MonoDevelopProperties) = preSolution
=======
<<<<<<< HEAD
																																																																																																																																									GlobalSection(MonoDevelopProperties) = preSolution
>>>>>>> f551a8376ad69066a0794a1c2a0fa8ad1c2c7cb5
=======
<<<<<<< HEAD
																																																																																																																													GlobalSection(MonoDevelopProperties) = preSolution
=======
<<<<<<< HEAD
																																																																																																																																	GlobalSection(MonoDevelopProperties) = preSolution
=======
																																																																																																																															GlobalSection(MonoDevelopProperties) = preSolution
>>>>>>> f4f311b194749ec361b80d97971637748edeb072
>>>>>>> 14826e530df047d17197d3ec90181971bfbf841e
=======
<<<<<<< HEAD
																																																																																																																GlobalSection(MonoDevelopProperties) = preSolution
=======
<<<<<<< HEAD
																																																																																																																								GlobalSection(MonoDevelopProperties) = preSolution
>>>>>>> 423b412998b4789d287e2be6bfc902903c92a143
=======
<<<<<<< HEAD
																																																																																																														GlobalSection(MonoDevelopProperties) = preSolution
>>>>>>> efb7d2414a42c540bde195b0d08c32d85cc3cbef
=======
<<<<<<< HEAD
																																																																																																																																GlobalSection(MonoDevelopProperties) = preSolution
>>>>>>> 94cdcc66f0d97031beca9da810c67b6a2ba7d0fd
=======
<<<<<<< HEAD
																																																																																																																							GlobalSection(MonoDevelopProperties) = preSolution
>>>>>>> 6f28eebc870bf604791985dba10a0acfc36ab86d
=======
<<<<<<< HEAD
																																																																																																													GlobalSection(MonoDevelopProperties) = preSolution
>>>>>>> b0fda5e2ac02bc3f7d121a563c1a034ac06fe896
=======
																																																																																																																				GlobalSection(MonoDevelopProperties) = preSolution
>>>>>>> ed5911566f012011928ca720bc2c5fda6b9ab957
=======
<<<<<<< HEAD
																																																																																																									GlobalSection(MonoDevelopProperties) = preSolution
>>>>>>> 6b1ac4b9b4921fb2b24709c9e8e8e76e9cc8f52f
>>>>>>> 4064c527d218ffa48a66c0589d1b6393b76c99ad
=======
<<<<<<< HEAD
																																																																																																																					GlobalSection(MonoDevelopProperties) = preSolution
>>>>>>> bb14964fade44b74bd34141d85c3e886de00cbd7
=======
																																																																																																															GlobalSection(MonoDevelopProperties) = preSolution
=======
<<<<<<< HEAD
																																																																																																																										GlobalSection(MonoDevelopProperties) = preSolution
>>>>>>> b849e2bee34b759977c4c03a81ebf33b8e6e348d
=======
<<<<<<< HEAD
																																																																																																																				GlobalSection(MonoDevelopProperties) = preSolution
=======
																																																																																																								GlobalSection(MonoDevelopProperties) = preSolution
>>>>>>> 486c371cd0e13e2ea1286b805d2bbe70568ce5f5
=======
<<<<<<< HEAD
																																																																																																																		GlobalSection(MonoDevelopProperties) = preSolution
>>>>>>> 43265bcd1f53ef49492e22208f338097535b3f2f
>>>>>>> 12f62acd95045a63e8f619a914acf7052dd5f474
=======
<<<<<<< HEAD
																																																																																																										GlobalSection(MonoDevelopProperties) = preSolution
>>>>>>> 3d0d48a767b52173e9f60dfb2a02c5b8c07cf428
=======
																																																																																																												GlobalSection(MonoDevelopProperties) = preSolution
=======
<<<<<<< HEAD
																																																																																																			GlobalSection(MonoDevelopProperties) = preSolution
>>>>>>> aec387d476ea9a72015a2374e758d7b4310b085c
>>>>>>> 716791e04a189026bc51889ce824fb56d62bbe2a
=======
<<<<<<< HEAD
																																																																																																				GlobalSection(MonoDevelopProperties) = preSolution
>>>>>>> 1fdab4303080704accb897c96c8b9246e48dd9f9
>>>>>>> e2ad8c0c1e5d71993479e7ed53c07933a970388e
>>>>>>> 13f8e338c1f17556d62162c8921c7e634fd34741
=======
<<<<<<< HEAD
																																																																																											GlobalSection(MonoDevelopProperties) = preSolution
>>>>>>> 5897ed932fd31f01550726b21f82d08a75db53f1
=======
																																																																																	GlobalSection(MonoDevelopProperties) = preSolution
>>>>>>> 94662968f4d56123167c9ae7232cab857accde08
=======
																																																																																						GlobalSection(MonoDevelopProperties) = preSolution
>>>>>>> 698550933a199a5872cd66757164a2eb048b427f
=======
<<<<<<< HEAD
																																																																																					GlobalSection(MonoDevelopProperties) = preSolution
=======
																																																																																							GlobalSection(MonoDevelopProperties) = preSolution
=======
																																																																																	GlobalSection(MonoDevelopProperties) = preSolution
>>>>>>> 66277090df6b350c22dc9dd9d3936b38b001e7ab
>>>>>>> 4d255f0a1cbd3205342ebcf194fec75c33e77e43
=======
<<<<<<< HEAD
																																																																																			GlobalSection(MonoDevelopProperties) = preSolution
>>>>>>> f76eb7fdc5b0215d3e1dfb6d1d45cd087415fd61
=======
																																																																																				GlobalSection(MonoDevelopProperties) = preSolution
>>>>>>> e29471b88e28609892bb76cd4c27372223e40eb9
>>>>>>> 0dcdd9ed99e650ff984694c4355fec5e8ba53b35
=======
<<<<<<< HEAD
																																																																										GlobalSection(MonoDevelopProperties) = preSolution
>>>>>>> 0dcdd9ed99e650ff984694c4355fec5e8ba53b35
=======
																																																																																					GlobalSection(MonoDevelopProperties) = preSolution
=======
																																																																															GlobalSection(MonoDevelopProperties) = preSolution
>>>>>>> 0e714d8a5569f57da87699da1508a0d1d1d9136c
>>>>>>> 59b29ec0ba183db9b84bc11d5eada0551efa74c6
=======
																																																																							GlobalSection(MonoDevelopProperties) = preSolution
>>>>>>> 7d070839d4a3d929b939f45d152af92c333071ca
=======
<<<<<<< HEAD
																																																																					GlobalSection(MonoDevelopProperties) = preSolution
>>>>>>> 378782451af07312204f45aae03176ea88a873d1
=======
<<<<<<< HEAD
																																																																					GlobalSection(MonoDevelopProperties) = preSolution
>>>>>>> 742246944c8a0c580ca05d7a77343f81aa203705
=======
																																																																								GlobalSection(MonoDevelopProperties) = preSolution
>>>>>>> 7c1e87c382f098faa03c882eac351f3823be1fa0
>>>>>>> 5f29cebe13de95832fd18a75d0c46c936d99224e
>>>>>>> 7ca2d00648a4ca02883b2e996127325672d00392
		StartupItem = Assembly-CSharp.csproj
		Policies = $0
		$0.TextStylePolicy = $1
		$1.inheritsSet = null
		$1.scope = text/x-csharp
		$0.CSharpFormattingPolicy = $2
		$2.inheritsSet = Mono
		$2.inheritsScope = text/x-csharp
		$2.scope = text/x-csharp
		$0.TextStylePolicy = $3
		$3.FileWidth = 120
		$3.TabWidth = 4
		$3.IndentWidth = 4
		$3.EolMarker = Unix
		$3.inheritsSet = Mono
		$3.inheritsScope = text/plain
		$3.scope = text/plain
	EndGlobalSection

EndGlobal
